<Solution>
  <Folder Name="/src/">
    <Project Path="src/Adventures.Security/Adventures.Security.csproj" />
    <Project Path="src/Adventures.Data/Adventures.Data.csproj" />
    <Project Path="src/Adventures.Identity/Adventures.Identity.csproj" />
  </Folder>
  <Folder Name="/test/">
    <Project Path="test/Adventures.Security.Tests/Adventures.Security.Tests.csproj" />
    <Project Path="test/Adventures.Data.Tests/Adventures.Data.Tests.csproj" />
    <Project Path="test/Adventures.Identity.Tests/Adventures.Identity.Tests.csproj" />
  </Folder>
</Solution>
